Microsoft Visual Studio Solution File, Format Version 12.00
# Visual Studio Version 17
VisualStudioVersion = 17.13.35828.75
MinimumVisualStudioVersion = 10.0.40219.1
Project("{FAE04EC0-301F-11D3-BF4B-00C04F79EFBC}") = "WindowsFormsApp1", "WindowsFormsApp1\WindowsFormsApp1.csproj", "{11C9E5E1-DF60-4BCA-A10A-09CB0C88EED2}"
EndProject
Global
	GlobalSection(SolutionConfigurationPlatforms) = preSolution
		Debug|Any CPU = Debug|Any CPU
		Release|Any CPU = Release|Any CPU
	EndGlobalSection
	GlobalSection(ProjectConfigurationPlatforms) = postSolution
		{11C9E5E1-DF60-4BCA-A10A-09CB0C88EED2}.Debug|Any CPU.ActiveCfg = Debug|Any CPU
		{11C9E5E1-DF60-4BCA-A10A-09CB0C88EED2}.Debug|Any CPU.Build.0 = Debug|Any CPU
		{11C9E5E1-DF60-4BCA-A10A-09CB0C88EED2}.Release|Any CPU.ActiveCfg = Release|Any CPU
		{11C9E5E1-DF60-4BCA-A10A-09CB0C88EED2}.Release|Any CPU.Build.0 = Release|Any CPU
	EndGlobalSection
	GlobalSection(SolutionProperties) = preSolution
		HideSolutionNode = FALSE
	EndGlobalSection
	GlobalSection(ExtensibilityGlobals) = postSolution
		SolutionGuid = {41EAC016-C8A3-4F83-972E-60E2F4FBCF2F}
	EndGlobalSection
EndGlobal
